
Microsoft Visual Studio Solution File, Format Version 12.00
# Visual Studio 15
VisualStudioVersion = 15.0.26403.7
MinimumVisualStudioVersion = 10.0.40219.1
Project("{FAE04EC0-301F-11D3-BF4B-00C04F79EFBC}") = "StackExchangeTestAutomation", "StackExchangeTestAutomation\StackExchangeTestAutomation.csproj", "{DD49D990-A96F-4649-BB8C-B45876AB8EA2}"
EndProject
Project("{2150E333-8FDC-42A3-9474-1A3956D46DE8}") = "1 - Database", "1 - Database", "{10616907-57AD-4163-9A27-DF71D25B4F00}"
EndProject
Project("{2150E333-8FDC-42A3-9474-1A3956D46DE8}") = "2 - API", "2 - API", "{93F17496-94F1-4E86-B2DA-0C95EE1EB346}"
EndProject
Project("{2150E333-8FDC-42A3-9474-1A3956D46DE8}") = "2.1 - API.Models", "2.1 - API.Models", "{7E97EE44-D0E5-4929-AA28-7FA1594DDA98}"
EndProject
Project("{FAE04EC0-301F-11D3-BF4B-00C04F79EFBC}") = "API.Models", "API.Models\API.Models.csproj", "{7A15D768-7D20-4A8B-92ED-22D23CBF1196}"
EndProject
Project("{2150E333-8FDC-42A3-9474-1A3956D46DE8}") = "2.2 - API.Services.Calls", "2.2 - API.Services.Calls", "{0363AF8E-5949-4CBA-A45C-4B2573E21C27}"
EndProject
Project("{2150E333-8FDC-42A3-9474-1A3956D46DE8}") = "1.1 - ExcelFiles", "1.1 - ExcelFiles", "{4656549D-6620-4428-95A4-3DC25621AE6C}"
EndProject
Project("{2150E333-8FDC-42A3-9474-1A3956D46DE8}") = "1.2 - Connection", "1.2 - Connection", "{1765D10A-8F04-4EFD-9014-7CB369B1C20C}"
EndProject
Project("{2150E333-8FDC-42A3-9474-1A3956D46DE8}") = "2.3 - API.Services.Contracts", "2.3 - API.Services.Contracts", "{B387733C-F179-4BB8-9B2B-9A052962C050}"
EndProject
Project("{FAE04EC0-301F-11D3-BF4B-00C04F79EFBC}") = "API.Service.Calls", "API.Service.Calls\API.Service.Calls.csproj", "{EEB82ABF-2501-4B7A-9E38-E6EB97CD9FFA}"
EndProject
Project("{FAE04EC0-301F-11D3-BF4B-00C04F79EFBC}") = "API.Service.Contracts", "API.Service.Contracts\API.Service.Contracts.csproj", "{00C2AB0A-5841-4106-AFB0-E4C6AB38CF8C}"
EndProject
Project("{2150E333-8FDC-42A3-9474-1A3956D46DE8}") = "3 - Test Acceptances", "3 - Test Acceptances", "{889D8D7A-5BDB-4D55-B937-F88E73C5B65D}"
EndProject
Project("{2150E333-8FDC-42A3-9474-1A3956D46DE8}") = "4 - DI Modules", "4 - DI Modules", "{15D7673E-BD29-41F5-A6E7-8C848650B2F8}"
EndProject
Project("{FAE04EC0-301F-11D3-BF4B-00C04F79EFBC}") = "DI.CrossLayer", "DI.CrossLayer\DI.CrossLayer.csproj", "{B935286B-8DE6-496E-A017-1E9972ECDCF8}"
EndProject
Global
	GlobalSection(SolutionConfigurationPlatforms) = preSolution
		Debug|Any CPU = Debug|Any CPU
		Release|Any CPU = Release|Any CPU
	EndGlobalSection
	GlobalSection(ProjectConfigurationPlatforms) = postSolution
		{DD49D990-A96F-4649-BB8C-B45876AB8EA2}.Debug|Any CPU.ActiveCfg = Debug|Any CPU
		{DD49D990-A96F-4649-BB8C-B45876AB8EA2}.Debug|Any CPU.Build.0 = Debug|Any CPU
		{DD49D990-A96F-4649-BB8C-B45876AB8EA2}.Release|Any CPU.ActiveCfg = Release|Any CPU
		{DD49D990-A96F-4649-BB8C-B45876AB8EA2}.Release|Any CPU.Build.0 = Release|Any CPU
		{7A15D768-7D20-4A8B-92ED-22D23CBF1196}.Debug|Any CPU.ActiveCfg = Debug|Any CPU
		{7A15D768-7D20-4A8B-92ED-22D23CBF1196}.Debug|Any CPU.Build.0 = Debug|Any CPU
		{7A15D768-7D20-4A8B-92ED-22D23CBF1196}.Release|Any CPU.ActiveCfg = Release|Any CPU
		{7A15D768-7D20-4A8B-92ED-22D23CBF1196}.Release|Any CPU.Build.0 = Release|Any CPU
		{EEB82ABF-2501-4B7A-9E38-E6EB97CD9FFA}.Debug|Any CPU.ActiveCfg = Debug|Any CPU
		{EEB82ABF-2501-4B7A-9E38-E6EB97CD9FFA}.Debug|Any CPU.Build.0 = Debug|Any CPU
		{EEB82ABF-2501-4B7A-9E38-E6EB97CD9FFA}.Release|Any CPU.ActiveCfg = Release|Any CPU
		{EEB82ABF-2501-4B7A-9E38-E6EB97CD9FFA}.Release|Any CPU.Build.0 = Release|Any CPU
		{00C2AB0A-5841-4106-AFB0-E4C6AB38CF8C}.Debug|Any CPU.ActiveCfg = Debug|Any CPU
		{00C2AB0A-5841-4106-AFB0-E4C6AB38CF8C}.Debug|Any CPU.Build.0 = Debug|Any CPU
		{00C2AB0A-5841-4106-AFB0-E4C6AB38CF8C}.Release|Any CPU.ActiveCfg = Release|Any CPU
		{00C2AB0A-5841-4106-AFB0-E4C6AB38CF8C}.Release|Any CPU.Build.0 = Release|Any CPU
		{B935286B-8DE6-496E-A017-1E9972ECDCF8}.Debug|Any CPU.ActiveCfg = Debug|Any CPU
		{B935286B-8DE6-496E-A017-1E9972ECDCF8}.Debug|Any CPU.Build.0 = Debug|Any CPU
		{B935286B-8DE6-496E-A017-1E9972ECDCF8}.Release|Any CPU.ActiveCfg = Release|Any CPU
		{B935286B-8DE6-496E-A017-1E9972ECDCF8}.Release|Any CPU.Build.0 = Release|Any CPU
	EndGlobalSection
	GlobalSection(SolutionProperties) = preSolution
		HideSolutionNode = FALSE
	EndGlobalSection
	GlobalSection(NestedProjects) = preSolution
		{DD49D990-A96F-4649-BB8C-B45876AB8EA2} = {889D8D7A-5BDB-4D55-B937-F88E73C5B65D}
		{7E97EE44-D0E5-4929-AA28-7FA1594DDA98} = {93F17496-94F1-4E86-B2DA-0C95EE1EB346}
		{7A15D768-7D20-4A8B-92ED-22D23CBF1196} = {7E97EE44-D0E5-4929-AA28-7FA1594DDA98}
		{0363AF8E-5949-4CBA-A45C-4B2573E21C27} = {93F17496-94F1-4E86-B2DA-0C95EE1EB346}
		{4656549D-6620-4428-95A4-3DC25621AE6C} = {10616907-57AD-4163-9A27-DF71D25B4F00}
		{1765D10A-8F04-4EFD-9014-7CB369B1C20C} = {10616907-57AD-4163-9A27-DF71D25B4F00}
		{B387733C-F179-4BB8-9B2B-9A052962C050} = {93F17496-94F1-4E86-B2DA-0C95EE1EB346}
		{EEB82ABF-2501-4B7A-9E38-E6EB97CD9FFA} = {0363AF8E-5949-4CBA-A45C-4B2573E21C27}
		{00C2AB0A-5841-4106-AFB0-E4C6AB38CF8C} = {B387733C-F179-4BB8-9B2B-9A052962C050}
		{B935286B-8DE6-496E-A017-1E9972ECDCF8} = {15D7673E-BD29-41F5-A6E7-8C848650B2F8}
	EndGlobalSection
EndGlobal
